{
  "lockfileVersion": 1,
  "workspaces": {
    "": {
      "name": "opencode-observability-plugin",
      "dependencies": {
        "@opencode-ai/plugin": "latest",
      },
      "devDependencies": {
        "@types/node": "^20.0.0",
        "typescript": "^5.0.0",
      },
    },
  },
  "packages": {
    "@opencode-ai/plugin": ["@opencode-ai/plugin@0.15.14", "", { "dependencies": { "@opencode-ai/sdk": "0.15.14", "zod": "4.1.8" } }, "sha512-Ybs6UZxVkrRlGdrnL58H7qxBxzIfC6/DI82Pc6XU6gQeeZE+gmXEVYYX5QXWct3Kc3brL54zgdlj6ONU7KLP6g=="],

    "@opencode-ai/sdk": ["@opencode-ai/sdk@0.15.14", "", {}, "sha512-ITJePjIq5GChtyPa/6+7oIB7UYaXlCiM0LvOWnZdZFq4UOggW6K7hRqKSmf8WMPR2nc1EfHP2RIwgdynK3cG2A=="],

    "@types/node": ["@types/node@20.19.23", "", { "dependencies": { "undici-types": "~6.21.0" } }, "sha512-yIdlVVVHXpmqRhtyovZAcSy0MiPcYWGkoO4CGe/+jpP0hmNuihm4XhHbADpK++MsiLHP5MVlv+bcgdF99kSiFQ=="],

    "typescript": ["typescript@5.9.3", "", { "bin": { "tsc": "bin/tsc", "tsserver": "bin/tsserver" } }, "sha512-jl1vZzPDinLr9eUt3J/t7V6FgNEw9QjvBPdysz9KfQDD41fQrC2Y4vKQdiaUpFT4bXlb1RHhLpp8wtm6M5TgSw=="],

    "undici-types": ["undici-types@6.21.0", "", {}, "sha512-iwDZqg0QAGrg9Rav5H4n0M64c3mkR59cJ6wQp+7C4nI0gsmExaedaYLNO44eT4AtBBwjbTiGPMlt2Md0T9H9JQ=="],

    "zod": ["zod@4.1.8", "", {}, "sha512-5R1P+WwQqmmMIEACyzSvo4JXHY5WiAFHRMg+zBZKgKS+Q1viRa0C1hmUKtHltoIFKtIdki3pRxkmpP74jnNYHQ=="],
  }
}
